
Microsoft Visual Studio Solution File, Format Version 12.00
# Visual Studio 14
VisualStudioVersion = 14.0.25420.1
MinimumVisualStudioVersion = 10.0.40219.1
Project("{2150E333-8FDC-42A3-9474-1A3956D46DE8}") = "Engine", "Engine", "{D3DB5D68-DED1-41AC-A2B3-36A98547796D}"
EndProject
Project("{2150E333-8FDC-42A3-9474-1A3956D46DE8}") = "Games", "Games", "{2CE60148-A849-45EE-A307-3AEB6F6034EF}"
EndProject
Project("{8BC9CEB8-8B4A-11D0-8D11-00A0C91BC942}") = "UE4", "Intermediate\ProjectFiles\UE4.vcxproj", "{B9C0863C-ECB9-4513-BB47-D6AB0D566CC8}"
EndProject
Project("{8BC9CEB8-8B4A-11D0-8D11-00A0C91BC942}") = "BuildingEscape", "Intermediate\ProjectFiles\BuildingEscape.vcxproj", "{ADABECD1-D9F9-4AEA-8321-D735D7C01CED}"
EndProject
Global
	GlobalSection(SolutionConfigurationPlatforms) = preSolution
		DebugGame Editor|HTML5 = DebugGame Editor|HTML5
		DebugGame Editor|IOS = DebugGame Editor|IOS
		DebugGame Editor|TVOS = DebugGame Editor|TVOS
		DebugGame Editor|Win32 = DebugGame Editor|Win32
		DebugGame Editor|Win64 = DebugGame Editor|Win64
		DebugGame|HTML5 = DebugGame|HTML5
		DebugGame|IOS = DebugGame|IOS
		DebugGame|TVOS = DebugGame|TVOS
		DebugGame|Win32 = DebugGame|Win32
		DebugGame|Win64 = DebugGame|Win64
		Development Editor|HTML5 = Development Editor|HTML5
		Development Editor|IOS = Development Editor|IOS
		Development Editor|TVOS = Development Editor|TVOS
		Development Editor|Win32 = Development Editor|Win32
		Development Editor|Win64 = Development Editor|Win64
		Development|HTML5 = Development|HTML5
		Development|IOS = Development|IOS
		Development|TVOS = Development|TVOS
		Development|Win32 = Development|Win32
		Development|Win64 = Development|Win64
		Shipping|HTML5 = Shipping|HTML5
		Shipping|IOS = Shipping|IOS
		Shipping|TVOS = Shipping|TVOS
		Shipping|Win32 = Shipping|Win32
		Shipping|Win64 = Shipping|Win64
	EndGlobalSection
	GlobalSection(ProjectConfigurationPlatforms) = postSolution
		{B9C0863C-ECB9-4513-BB47-D6AB0D566CC8}.DebugGame Editor|HTML5.ActiveCfg = BuiltWithUnrealBuildTool|Win32
		{B9C0863C-ECB9-4513-BB47-D6AB0D566CC8}.DebugGame Editor|HTML5.Build.0 = BuiltWithUnrealBuildTool|Win32
		{B9C0863C-ECB9-4513-BB47-D6AB0D566CC8}.DebugGame Editor|IOS.ActiveCfg = BuiltWithUnrealBuildTool|Win32
		{B9C0863C-ECB9-4513-BB47-D6AB0D566CC8}.DebugGame Editor|IOS.Build.0 = BuiltWithUnrealBuildTool|Win32
		{B9C0863C-ECB9-4513-BB47-D6AB0D566CC8}.DebugGame Editor|TVOS.ActiveCfg = BuiltWithUnrealBuildTool|Win32
		{B9C0863C-ECB9-4513-BB47-D6AB0D566CC8}.DebugGame Editor|TVOS.Build.0 = BuiltWithUnrealBuildTool|Win32
		{B9C0863C-ECB9-4513-BB47-D6AB0D566CC8}.DebugGame Editor|Win32.ActiveCfg = BuiltWithUnrealBuildTool|Win32
		{B9C0863C-ECB9-4513-BB47-D6AB0D566CC8}.DebugGame Editor|Win32.Build.0 = BuiltWithUnrealBuildTool|Win32
		{B9C0863C-ECB9-4513-BB47-D6AB0D566CC8}.DebugGame Editor|Win64.ActiveCfg = BuiltWithUnrealBuildTool|Win32
		{B9C0863C-ECB9-4513-BB47-D6AB0D566CC8}.DebugGame Editor|Win64.Build.0 = BuiltWithUnrealBuildTool|Win32
		{B9C0863C-ECB9-4513-BB47-D6AB0D566CC8}.DebugGame|HTML5.ActiveCfg = BuiltWithUnrealBuildTool|Win32
		{B9C0863C-ECB9-4513-BB47-D6AB0D566CC8}.DebugGame|HTML5.Build.0 = BuiltWithUnrealBuildTool|Win32
		{B9C0863C-ECB9-4513-BB47-D6AB0D566CC8}.DebugGame|IOS.ActiveCfg = BuiltWithUnrealBuildTool|Win32
		{B9C0863C-ECB9-4513-BB47-D6AB0D566CC8}.DebugGame|IOS.Build.0 = BuiltWithUnrealBuildTool|Win32
		{B9C0863C-ECB9-4513-BB47-D6AB0D566CC8}.DebugGame|TVOS.ActiveCfg = BuiltWithUnrealBuildTool|Win32
		{B9C0863C-ECB9-4513-BB47-D6AB0D566CC8}.DebugGame|TVOS.Build.0 = BuiltWithUnrealBuildTool|Win32
		{B9C0863C-ECB9-4513-BB47-D6AB0D566CC8}.DebugGame|Win32.ActiveCfg = BuiltWithUnrealBuildTool|Win32
		{B9C0863C-ECB9-4513-BB47-D6AB0D566CC8}.DebugGame|Win32.Build.0 = BuiltWithUnrealBuildTool|Win32
		{B9C0863C-ECB9-4513-BB47-D6AB0D566CC8}.DebugGame|Win64.ActiveCfg = BuiltWithUnrealBuildTool|Win32
		{B9C0863C-ECB9-4513-BB47-D6AB0D566CC8}.DebugGame|Win64.Build.0 = BuiltWithUnrealBuildTool|Win32
		{B9C0863C-ECB9-4513-BB47-D6AB0D566CC8}.Development Editor|HTML5.ActiveCfg = BuiltWithUnrealBuildTool|Win32
		{B9C0863C-ECB9-4513-BB47-D6AB0D566CC8}.Development Editor|HTML5.Build.0 = BuiltWithUnrealBuildTool|Win32
		{B9C0863C-ECB9-4513-BB47-D6AB0D566CC8}.Development Editor|IOS.ActiveCfg = BuiltWithUnrealBuildTool|Win32
		{B9C0863C-ECB9-4513-BB47-D6AB0D566CC8}.Development Editor|IOS.Build.0 = BuiltWithUnrealBuildTool|Win32
		{B9C0863C-ECB9-4513-BB47-D6AB0D566CC8}.Development Editor|TVOS.ActiveCfg = BuiltWithUnrealBuildTool|Win32
		{B9C0863C-ECB9-4513-BB47-D6AB0D566CC8}.Development Editor|TVOS.Build.0 = BuiltWithUnrealBuildTool|Win32
		{B9C0863C-ECB9-4513-BB47-D6AB0D566CC8}.Development Editor|Win32.ActiveCfg = BuiltWithUnrealBuildTool|Win32
		{B9C0863C-ECB9-4513-BB47-D6AB0D566CC8}.Development Editor|Win32.Build.0 = BuiltWithUnrealBuildTool|Win32
		{B9C0863C-ECB9-4513-BB47-D6AB0D566CC8}.Development Editor|Win64.ActiveCfg = BuiltWithUnrealBuildTool|Win32
		{B9C0863C-ECB9-4513-BB47-D6AB0D566CC8}.Development Editor|Win64.Build.0 = BuiltWithUnrealBuildTool|Win32
		{B9C0863C-ECB9-4513-BB47-D6AB0D566CC8}.Development|HTML5.ActiveCfg = BuiltWithUnrealBuildTool|Win32
		{B9C0863C-ECB9-4513-BB47-D6AB0D566CC8}.Development|HTML5.Build.0 = BuiltWithUnrealBuildTool|Win32
		{B9C0863C-ECB9-4513-BB47-D6AB0D566CC8}.Development|IOS.ActiveCfg = BuiltWithUnrealBuildTool|Win32
		{B9C0863C-ECB9-4513-BB47-D6AB0D566CC8}.Development|IOS.Build.0 = BuiltWithUnrealBuildTool|Win32
		{B9C0863C-ECB9-4513-BB47-D6AB0D566CC8}.Development|TVOS.ActiveCfg = BuiltWithUnrealBuildTool|Win32
		{B9C0863C-ECB9-4513-BB47-D6AB0D566CC8}.Development|TVOS.Build.0 = BuiltWithUnrealBuildTool|Win32
		{B9C0863C-ECB9-4513-BB47-D6AB0D566CC8}.Development|Win32.ActiveCfg = BuiltWithUnrealBuildTool|Win32
		{B9C0863C-ECB9-4513-BB47-D6AB0D566CC8}.Development|Win32.Build.0 = BuiltWithUnrealBuildTool|Win32
		{B9C0863C-ECB9-4513-BB47-D6AB0D566CC8}.Development|Win64.ActiveCfg = BuiltWithUnrealBuildTool|Win32
		{B9C0863C-ECB9-4513-BB47-D6AB0D566CC8}.Development|Win64.Build.0 = BuiltWithUnrealBuildTool|Win32
		{B9C0863C-ECB9-4513-BB47-D6AB0D566CC8}.Shipping|HTML5.ActiveCfg = BuiltWithUnrealBuildTool|Win32
		{B9C0863C-ECB9-4513-BB47-D6AB0D566CC8}.Shipping|HTML5.Build.0 = BuiltWithUnrealBuildTool|Win32
		{B9C0863C-ECB9-4513-BB47-D6AB0D566CC8}.Shipping|IOS.ActiveCfg = BuiltWithUnrealBuildTool|Win32
		{B9C0863C-ECB9-4513-BB47-D6AB0D566CC8}.Shipping|IOS.Build.0 = BuiltWithUnrealBuildTool|Win32
		{B9C0863C-ECB9-4513-BB47-D6AB0D566CC8}.Shipping|TVOS.ActiveCfg = BuiltWithUnrealBuildTool|Win32
		{B9C0863C-ECB9-4513-BB47-D6AB0D566CC8}.Shipping|TVOS.Build.0 = BuiltWithUnrealBuildTool|Win32
		{B9C0863C-ECB9-4513-BB47-D6AB0D566CC8}.Shipping|Win32.ActiveCfg = BuiltWithUnrealBuildTool|Win32
		{B9C0863C-ECB9-4513-BB47-D6AB0D566CC8}.Shipping|Win32.Build.0 = BuiltWithUnrealBuildTool|Win32
		{B9C0863C-ECB9-4513-BB47-D6AB0D566CC8}.Shipping|Win64.ActiveCfg = BuiltWithUnrealBuildTool|Win32
		{B9C0863C-ECB9-4513-BB47-D6AB0D566CC8}.Shipping|Win64.Build.0 = BuiltWithUnrealBuildTool|Win32
		{ADABECD1-D9F9-4AEA-8321-D735D7C01CED}.DebugGame Editor|HTML5.ActiveCfg = HTML5_DebugGame_Editor|Win32
		{ADABECD1-D9F9-4AEA-8321-D735D7C01CED}.DebugGame Editor|IOS.ActiveCfg = IOS_DebugGame_Editor|Win32
		{ADABECD1-D9F9-4AEA-8321-D735D7C01CED}.DebugGame Editor|TVOS.ActiveCfg = TVOS_DebugGame_Editor|Win32
		{ADABECD1-D9F9-4AEA-8321-D735D7C01CED}.DebugGame Editor|Win32.ActiveCfg = DebugGame_Editor|Win32
		{ADABECD1-D9F9-4AEA-8321-D735D7C01CED}.DebugGame Editor|Win64.ActiveCfg = DebugGame_Editor|x64
		{ADABECD1-D9F9-4AEA-8321-D735D7C01CED}.DebugGame Editor|Win64.Build.0 = DebugGame_Editor|x64
		{ADABECD1-D9F9-4AEA-8321-D735D7C01CED}.DebugGame|HTML5.ActiveCfg = HTML5_DebugGame_Game|Win32
		{ADABECD1-D9F9-4AEA-8321-D735D7C01CED}.DebugGame|HTML5.Build.0 = HTML5_DebugGame_Game|Win32
		{ADABECD1-D9F9-4AEA-8321-D735D7C01CED}.DebugGame|IOS.ActiveCfg = IOS_DebugGame_Game|Win32
		{ADABECD1-D9F9-4AEA-8321-D735D7C01CED}.DebugGame|IOS.Build.0 = IOS_DebugGame_Game|Win32
		{ADABECD1-D9F9-4AEA-8321-D735D7C01CED}.DebugGame|TVOS.ActiveCfg = TVOS_DebugGame_Game|Win32
		{ADABECD1-D9F9-4AEA-8321-D735D7C01CED}.DebugGame|TVOS.Build.0 = TVOS_DebugGame_Game|Win32
		{ADABECD1-D9F9-4AEA-8321-D735D7C01CED}.DebugGame|Win32.ActiveCfg = DebugGame_Game|Win32
		{ADABECD1-D9F9-4AEA-8321-D735D7C01CED}.DebugGame|Win32.Build.0 = DebugGame_Game|Win32
		{ADABECD1-D9F9-4AEA-8321-D735D7C01CED}.DebugGame|Win64.ActiveCfg = DebugGame_Game|x64
		{ADABECD1-D9F9-4AEA-8321-D735D7C01CED}.DebugGame|Win64.Build.0 = DebugGame_Game|x64
		{ADABECD1-D9F9-4AEA-8321-D735D7C01CED}.Development Editor|HTML5.ActiveCfg = HTML5_Development_Editor|Win32
		{ADABECD1-D9F9-4AEA-8321-D735D7C01CED}.Development Editor|IOS.ActiveCfg = IOS_Development_Editor|Win32
		{ADABECD1-D9F9-4AEA-8321-D735D7C01CED}.Development Editor|TVOS.ActiveCfg = TVOS_Development_Editor|Win32
		{ADABECD1-D9F9-4AEA-8321-D735D7C01CED}.Development Editor|Win32.ActiveCfg = Development_Editor|Win32
		{ADABECD1-D9F9-4AEA-8321-D735D7C01CED}.Development Editor|Win64.ActiveCfg = Development_Editor|x64
		{ADABECD1-D9F9-4AEA-8321-D735D7C01CED}.Development Editor|Win64.Build.0 = Development_Editor|x64
		{ADABECD1-D9F9-4AEA-8321-D735D7C01CED}.Development|HTML5.ActiveCfg = HTML5_Development_Game|Win32
		{ADABECD1-D9F9-4AEA-8321-D735D7C01CED}.Development|HTML5.Build.0 = HTML5_Development_Game|Win32
		{ADABECD1-D9F9-4AEA-8321-D735D7C01CED}.Development|IOS.ActiveCfg = IOS_Development_Game|Win32
		{ADABECD1-D9F9-4AEA-8321-D735D7C01CED}.Development|IOS.Build.0 = IOS_Development_Game|Win32
		{ADABECD1-D9F9-4AEA-8321-D735D7C01CED}.Development|TVOS.ActiveCfg = TVOS_Development_Game|Win32
		{ADABECD1-D9F9-4AEA-8321-D735D7C01CED}.Development|TVOS.Build.0 = TVOS_Development_Game|Win32
		{ADABECD1-D9F9-4AEA-8321-D735D7C01CED}.Development|Win32.ActiveCfg = Development_Game|Win32
		{ADABECD1-D9F9-4AEA-8321-D735D7C01CED}.Development|Win32.Build.0 = Development_Game|Win32
		{ADABECD1-D9F9-4AEA-8321-D735D7C01CED}.Development|Win64.ActiveCfg = Development_Game|x64
		{ADABECD1-D9F9-4AEA-8321-D735D7C01CED}.Development|Win64.Build.0 = Development_Game|x64
		{ADABECD1-D9F9-4AEA-8321-D735D7C01CED}.Shipping|HTML5.ActiveCfg = HTML5_Shipping_Game|Win32
		{ADABECD1-D9F9-4AEA-8321-D735D7C01CED}.Shipping|HTML5.Build.0 = HTML5_Shipping_Game|Win32
		{ADABECD1-D9F9-4AEA-8321-D735D7C01CED}.Shipping|IOS.ActiveCfg = IOS_Shipping_Game|Win32
		{ADABECD1-D9F9-4AEA-8321-D735D7C01CED}.Shipping|IOS.Build.0 = IOS_Shipping_Game|Win32
		{ADABECD1-D9F9-4AEA-8321-D735D7C01CED}.Shipping|TVOS.ActiveCfg = TVOS_Shipping_Game|Win32
		{ADABECD1-D9F9-4AEA-8321-D735D7C01CED}.Shipping|TVOS.Build.0 = TVOS_Shipping_Game|Win32
		{ADABECD1-D9F9-4AEA-8321-D735D7C01CED}.Shipping|Win32.ActiveCfg = Shipping_Game|Win32
		{ADABECD1-D9F9-4AEA-8321-D735D7C01CED}.Shipping|Win32.Build.0 = Shipping_Game|Win32
		{ADABECD1-D9F9-4AEA-8321-D735D7C01CED}.Shipping|Win64.ActiveCfg = Shipping_Game|x64
		{ADABECD1-D9F9-4AEA-8321-D735D7C01CED}.Shipping|Win64.Build.0 = Shipping_Game|x64
	EndGlobalSection
	GlobalSection(SolutionProperties) = preSolution
		HideSolutionNode = FALSE
	EndGlobalSection
	GlobalSection(NestedProjects) = preSolution
		{B9C0863C-ECB9-4513-BB47-D6AB0D566CC8} = {D3DB5D68-DED1-41AC-A2B3-36A98547796D}
		{ADABECD1-D9F9-4AEA-8321-D735D7C01CED} = {2CE60148-A849-45EE-A307-3AEB6F6034EF}
	EndGlobalSection
EndGlobal
